
Microsoft Visual Studio Solution File, Format Version 12.00
# Visual Studio Version 16
VisualStudioVersion = 16.0.29519.181
MinimumVisualStudioVersion = 10.0.40219.1
Project("{9A19103F-16F7-4668-BE54-9A1E7A4F7556}") = "AdventOfCode", "AdventOfCode\AdventOfCode.csproj", "{FF559BCC-D9A3-40B3-8FC8-AD9B5D528F62}"
EndProject
Project("{FAE04EC0-301F-11D3-BF4B-00C04F79EFBC}") = "AdventOfCodeTest", "AdventOfCodeTest\AdventOfCodeTest.csproj", "{341F9E7E-0560-4434-A642-141EF68609EB}"
EndProject
Global
	GlobalSection(SolutionConfigurationPlatforms) = preSolution
		Debug|Any CPU = Debug|Any CPU
		Release|Any CPU = Release|Any CPU
	EndGlobalSection
	GlobalSection(ProjectConfigurationPlatforms) = postSolution
		{FF559BCC-D9A3-40B3-8FC8-AD9B5D528F62}.Debug|Any CPU.ActiveCfg = Debug|Any CPU
		{FF559BCC-D9A3-40B3-8FC8-AD9B5D528F62}.Debug|Any CPU.Build.0 = Debug|Any CPU
		{FF559BCC-D9A3-40B3-8FC8-AD9B5D528F62}.Release|Any CPU.ActiveCfg = Release|Any CPU
		{FF559BCC-D9A3-40B3-8FC8-AD9B5D528F62}.Release|Any CPU.Build.0 = Release|Any CPU
		{341F9E7E-0560-4434-A642-141EF68609EB}.Debug|Any CPU.ActiveCfg = Debug|Any CPU
		{341F9E7E-0560-4434-A642-141EF68609EB}.Debug|Any CPU.Build.0 = Debug|Any CPU
		{341F9E7E-0560-4434-A642-141EF68609EB}.Release|Any CPU.ActiveCfg = Release|Any CPU
		{341F9E7E-0560-4434-A642-141EF68609EB}.Release|Any CPU.Build.0 = Release|Any CPU
	EndGlobalSection
	GlobalSection(SolutionProperties) = preSolution
		HideSolutionNode = FALSE
	EndGlobalSection
	GlobalSection(ExtensibilityGlobals) = postSolution
		SolutionGuid = {0F20F370-5314-4B87-BF4B-1819EFBB8C0E}
	EndGlobalSection
EndGlobal
